
Microsoft Visual Studio Solution File, Format Version 12.00
# Visual Studio Version 17
VisualStudioVersion = 17.13.35931.197 d17.13
MinimumVisualStudioVersion = 10.0.40219.1
Project("{FAE04EC0-301F-11D3-BF4B-00C04F79EFBC}") = "rehberuygulaması", "rehberuygulaması\rehberuygulaması.csproj", "{D58726D2-3969-40FE-9913-CD543F276E7A}"
EndProject
Global
	GlobalSection(SolutionConfigurationPlatforms) = preSolution
		Debug|Any CPU = Debug|Any CPU
		Release|Any CPU = Release|Any CPU
	EndGlobalSection
	GlobalSection(ProjectConfigurationPlatforms) = postSolution
		{D58726D2-3969-40FE-9913-CD543F276E7A}.Debug|Any CPU.ActiveCfg = Debug|Any CPU
		{D58726D2-3969-40FE-9913-CD543F276E7A}.Debug|Any CPU.Build.0 = Debug|Any CPU
		{D58726D2-3969-40FE-9913-CD543F276E7A}.Release|Any CPU.ActiveCfg = Release|Any CPU
		{D58726D2-3969-40FE-9913-CD543F276E7A}.Release|Any CPU.Build.0 = Release|Any CPU
	EndGlobalSection
	GlobalSection(SolutionProperties) = preSolution
		HideSolutionNode = FALSE
	EndGlobalSection
	GlobalSection(ExtensibilityGlobals) = postSolution
		SolutionGuid = {DA13EC68-DD5A-4903-8D8A-381DC14212A1}
	EndGlobalSection
EndGlobal
